
Microsoft Visual Studio Solution File, Format Version 12.00
# Visual Studio Version 16
VisualStudioVersion = 16.0.29806.167
MinimumVisualStudioVersion = 10.0.40219.1
Project("{9A19103F-16F7-4668-BE54-9A1E7A4F7556}") = "Art.Database", "Art.Database\Art.Database.csproj", "{9F2CA8CB-BF92-40CA-9840-8C33FE9BAD0C}"
EndProject
Project("{2150E333-8FDC-42A3-9474-1A3956D46DE8}") = "Configs", "Configs", "{2D2B028E-50A7-479C-A030-16875E068BF5}"
	ProjectSection(SolutionItems) = preProject
		Configs\connectionsettings.Debug.json = Configs\connectionsettings.Debug.json
		Configs\connectionsettings.Release.json = Configs\connectionsettings.Release.json
		Configs\logsettings.Debug.json = Configs\logsettings.Debug.json
		Configs\logsettings.Release.json = Configs\logsettings.Release.json
	EndProjectSection
EndProject
Project("{9A19103F-16F7-4668-BE54-9A1E7A4F7556}") = "Art.Web.Shared", "Art.Web.Shared\Art.Web.Shared.csproj", "{A219E2F4-34AE-4724-9F14-904946AE2B8D}"
EndProject
Project("{9A19103F-16F7-4668-BE54-9A1E7A4F7556}") = "Art.Persistence", "Art.Persistence\Art.Persistence.csproj", "{D61EDF39-71A7-470F-859F-FB4FBFFD0BCF}"
EndProject
Project("{9A19103F-16F7-4668-BE54-9A1E7A4F7556}") = "Art.Persistence.ReferenceData", "Art.Persistence.ReferenceData\Art.Persistence.ReferenceData.csproj", "{56CF8426-2BD4-47DA-9F7A-6A060E89EA4F}"
EndProject
Project("{9A19103F-16F7-4668-BE54-9A1E7A4F7556}") = "Art.Web.Client", "Art.Web.Client\Art.Web.Client.csproj", "{F248939F-7DFE-42E6-928F-F6F5591DE7F4}"
EndProject
Project("{9A19103F-16F7-4668-BE54-9A1E7A4F7556}") = "Art.Web.Server", "Art.Web.Server\Art.Web.Server.csproj", "{9C5DC98E-313F-4654-8C5D-F46FC3953D6B}"
EndProject
Global
	GlobalSection(SolutionConfigurationPlatforms) = preSolution
		Debug|Any CPU = Debug|Any CPU
		Release|Any CPU = Release|Any CPU
	EndGlobalSection
	GlobalSection(ProjectConfigurationPlatforms) = postSolution
		{9F2CA8CB-BF92-40CA-9840-8C33FE9BAD0C}.Debug|Any CPU.ActiveCfg = Debug|Any CPU
		{9F2CA8CB-BF92-40CA-9840-8C33FE9BAD0C}.Debug|Any CPU.Build.0 = Debug|Any CPU
		{9F2CA8CB-BF92-40CA-9840-8C33FE9BAD0C}.Release|Any CPU.ActiveCfg = Release|Any CPU
		{9F2CA8CB-BF92-40CA-9840-8C33FE9BAD0C}.Release|Any CPU.Build.0 = Release|Any CPU
		{A219E2F4-34AE-4724-9F14-904946AE2B8D}.Debug|Any CPU.ActiveCfg = Debug|Any CPU
		{A219E2F4-34AE-4724-9F14-904946AE2B8D}.Debug|Any CPU.Build.0 = Debug|Any CPU
		{A219E2F4-34AE-4724-9F14-904946AE2B8D}.Release|Any CPU.ActiveCfg = Release|Any CPU
		{A219E2F4-34AE-4724-9F14-904946AE2B8D}.Release|Any CPU.Build.0 = Release|Any CPU
		{D61EDF39-71A7-470F-859F-FB4FBFFD0BCF}.Debug|Any CPU.ActiveCfg = Debug|Any CPU
		{D61EDF39-71A7-470F-859F-FB4FBFFD0BCF}.Debug|Any CPU.Build.0 = Debug|Any CPU
		{D61EDF39-71A7-470F-859F-FB4FBFFD0BCF}.Release|Any CPU.ActiveCfg = Release|Any CPU
		{D61EDF39-71A7-470F-859F-FB4FBFFD0BCF}.Release|Any CPU.Build.0 = Release|Any CPU
		{56CF8426-2BD4-47DA-9F7A-6A060E89EA4F}.Debug|Any CPU.ActiveCfg = Debug|Any CPU
		{56CF8426-2BD4-47DA-9F7A-6A060E89EA4F}.Debug|Any CPU.Build.0 = Debug|Any CPU
		{56CF8426-2BD4-47DA-9F7A-6A060E89EA4F}.Release|Any CPU.ActiveCfg = Release|Any CPU
		{56CF8426-2BD4-47DA-9F7A-6A060E89EA4F}.Release|Any CPU.Build.0 = Release|Any CPU
		{F248939F-7DFE-42E6-928F-F6F5591DE7F4}.Debug|Any CPU.ActiveCfg = Debug|Any CPU
		{F248939F-7DFE-42E6-928F-F6F5591DE7F4}.Debug|Any CPU.Build.0 = Debug|Any CPU
		{F248939F-7DFE-42E6-928F-F6F5591DE7F4}.Release|Any CPU.ActiveCfg = Release|Any CPU
		{F248939F-7DFE-42E6-928F-F6F5591DE7F4}.Release|Any CPU.Build.0 = Release|Any CPU
		{9C5DC98E-313F-4654-8C5D-F46FC3953D6B}.Debug|Any CPU.ActiveCfg = Debug|Any CPU
		{9C5DC98E-313F-4654-8C5D-F46FC3953D6B}.Debug|Any CPU.Build.0 = Debug|Any CPU
		{9C5DC98E-313F-4654-8C5D-F46FC3953D6B}.Release|Any CPU.ActiveCfg = Release|Any CPU
		{9C5DC98E-313F-4654-8C5D-F46FC3953D6B}.Release|Any CPU.Build.0 = Release|Any CPU
	EndGlobalSection
	GlobalSection(SolutionProperties) = preSolution
		HideSolutionNode = FALSE
	EndGlobalSection
	GlobalSection(ExtensibilityGlobals) = postSolution
		SolutionGuid = {C96CB478-DFEC-40BA-9B61-36A7AE857FC3}
	EndGlobalSection
EndGlobal
