
Microsoft Visual Studio Solution File, Format Version 12.00
# Visual Studio Version 16
VisualStudioVersion = 16.0.31205.134
MinimumVisualStudioVersion = 10.0.40219.1
Project("{9A19103F-16F7-4668-BE54-9A1E7A4F7556}") = "Ects.Web.Repository", "Ects.Web.Repository\Ects.Web.Repository.csproj", "{E30CDE5D-E2E7-450D-ABE5-1E5794670DDB}"
EndProject
Project("{2150E333-8FDC-42A3-9474-1A3956D46DE8}") = "Solution Items", "Solution Items", "{E1294D55-EE8F-49A0-AE24-7AFE78ACAB9C}"
	ProjectSection(SolutionItems) = preProject
		.editorconfig = .editorconfig
	EndProjectSection
EndProject
Project("{9A19103F-16F7-4668-BE54-9A1E7A4F7556}") = "Ects.Web.Shared", "Ects.Web.Shared\Ects.Web.Shared.csproj", "{7677EB59-D3F4-48EE-B1F2-8FFC328E9CD0}"
EndProject
Project("{9A19103F-16F7-4668-BE54-9A1E7A4F7556}") = "Ects.Web.Api", "Ects.Web.Api\Ects.Web.Api.csproj", "{0BB48D45-15E5-4235-8FED-86B459325B71}"
EndProject
Project("{9A19103F-16F7-4668-BE54-9A1E7A4F7556}") = "Ects.Database", "Ects.Database\Ects.Database.csproj", "{B41DF293-87C8-470B-AD75-B4A533D92482}"
EndProject
Project("{9A19103F-16F7-4668-BE54-9A1E7A4F7556}") = "Ects.Persistence", "Ects.Persistence\Ects.Persistence.csproj", "{1F0A499D-752E-40E0-A6F5-B6F5F30E8547}"
EndProject
Project("{9A19103F-16F7-4668-BE54-9A1E7A4F7556}") = "Ects.Web.Checker", "Ects.Web.Checker\Ects.Web.Checker.csproj", "{8293EB31-4A4D-4219-997D-FB1EAEB7C29D}"
EndProject
Global
	GlobalSection(SolutionConfigurationPlatforms) = preSolution
		Debug|Any CPU = Debug|Any CPU
		Release|Any CPU = Release|Any CPU
	EndGlobalSection
	GlobalSection(ProjectConfigurationPlatforms) = postSolution
		{E30CDE5D-E2E7-450D-ABE5-1E5794670DDB}.Debug|Any CPU.ActiveCfg = Debug|Any CPU
		{E30CDE5D-E2E7-450D-ABE5-1E5794670DDB}.Debug|Any CPU.Build.0 = Debug|Any CPU
		{E30CDE5D-E2E7-450D-ABE5-1E5794670DDB}.Release|Any CPU.ActiveCfg = Release|Any CPU
		{E30CDE5D-E2E7-450D-ABE5-1E5794670DDB}.Release|Any CPU.Build.0 = Release|Any CPU
		{7677EB59-D3F4-48EE-B1F2-8FFC328E9CD0}.Debug|Any CPU.ActiveCfg = Debug|Any CPU
		{7677EB59-D3F4-48EE-B1F2-8FFC328E9CD0}.Debug|Any CPU.Build.0 = Debug|Any CPU
		{7677EB59-D3F4-48EE-B1F2-8FFC328E9CD0}.Release|Any CPU.ActiveCfg = Release|Any CPU
		{7677EB59-D3F4-48EE-B1F2-8FFC328E9CD0}.Release|Any CPU.Build.0 = Release|Any CPU
		{0BB48D45-15E5-4235-8FED-86B459325B71}.Debug|Any CPU.ActiveCfg = Debug|Any CPU
		{0BB48D45-15E5-4235-8FED-86B459325B71}.Debug|Any CPU.Build.0 = Debug|Any CPU
		{0BB48D45-15E5-4235-8FED-86B459325B71}.Release|Any CPU.ActiveCfg = Release|Any CPU
		{0BB48D45-15E5-4235-8FED-86B459325B71}.Release|Any CPU.Build.0 = Release|Any CPU
		{B41DF293-87C8-470B-AD75-B4A533D92482}.Debug|Any CPU.ActiveCfg = Debug|Any CPU
		{B41DF293-87C8-470B-AD75-B4A533D92482}.Debug|Any CPU.Build.0 = Debug|Any CPU
		{B41DF293-87C8-470B-AD75-B4A533D92482}.Release|Any CPU.ActiveCfg = Release|Any CPU
		{B41DF293-87C8-470B-AD75-B4A533D92482}.Release|Any CPU.Build.0 = Release|Any CPU
		{1F0A499D-752E-40E0-A6F5-B6F5F30E8547}.Debug|Any CPU.ActiveCfg = Debug|Any CPU
		{1F0A499D-752E-40E0-A6F5-B6F5F30E8547}.Debug|Any CPU.Build.0 = Debug|Any CPU
		{1F0A499D-752E-40E0-A6F5-B6F5F30E8547}.Release|Any CPU.ActiveCfg = Release|Any CPU
		{1F0A499D-752E-40E0-A6F5-B6F5F30E8547}.Release|Any CPU.Build.0 = Release|Any CPU
		{8293EB31-4A4D-4219-997D-FB1EAEB7C29D}.Debug|Any CPU.ActiveCfg = Debug|Any CPU
		{8293EB31-4A4D-4219-997D-FB1EAEB7C29D}.Debug|Any CPU.Build.0 = Debug|Any CPU
		{8293EB31-4A4D-4219-997D-FB1EAEB7C29D}.Release|Any CPU.ActiveCfg = Release|Any CPU
		{8293EB31-4A4D-4219-997D-FB1EAEB7C29D}.Release|Any CPU.Build.0 = Release|Any CPU
	EndGlobalSection
	GlobalSection(SolutionProperties) = preSolution
		HideSolutionNode = FALSE
	EndGlobalSection
	GlobalSection(ExtensibilityGlobals) = postSolution
		SolutionGuid = {8A00B9F7-BB2E-4B9A-9FB2-DAFCF8739145}
	EndGlobalSection
EndGlobal
